
Microsoft Visual Studio Solution File, Format Version 12.00
# Visual Studio 15
VisualStudioVersion = 15.0.27703.2042
MinimumVisualStudioVersion = 10.0.40219.1
Project("{FAE04EC0-301F-11D3-BF4B-00C04F79EFBC}") = "InterfacesLesson", "InterfacesLesson\InterfacesLesson.csproj", "{EFAB3BC1-D75D-4D6E-A1C6-3E9466132063}"
EndProject
Global
	GlobalSection(SolutionConfigurationPlatforms) = preSolution
		Debug|Any CPU = Debug|Any CPU
		Release|Any CPU = Release|Any CPU
	EndGlobalSection
	GlobalSection(ProjectConfigurationPlatforms) = postSolution
		{EFAB3BC1-D75D-4D6E-A1C6-3E9466132063}.Debug|Any CPU.ActiveCfg = Debug|Any CPU
		{EFAB3BC1-D75D-4D6E-A1C6-3E9466132063}.Debug|Any CPU.Build.0 = Debug|Any CPU
		{EFAB3BC1-D75D-4D6E-A1C6-3E9466132063}.Release|Any CPU.ActiveCfg = Release|Any CPU
		{EFAB3BC1-D75D-4D6E-A1C6-3E9466132063}.Release|Any CPU.Build.0 = Release|Any CPU
	EndGlobalSection
	GlobalSection(SolutionProperties) = preSolution
		HideSolutionNode = FALSE
	EndGlobalSection
	GlobalSection(ExtensibilityGlobals) = postSolution
		SolutionGuid = {23035DA4-9040-40D3-9882-8D8FF96DAEAA}
	EndGlobalSection
EndGlobal
